
Microsoft Visual Studio Solution File, Format Version 12.00
# Visual Studio Version 17
VisualStudioVersion = 17.5.33414.496
MinimumVisualStudioVersion = 10.0.40219.1
Project("{FAE04EC0-301F-11D3-BF4B-00C04F79EFBC}") = "Rimworld Werewolves", "Rimworld Werewolves.csproj", "{4C34847D-5B74-421A-A29B-D15E5A0E093B}"
EndProject
Global
	GlobalSection(SolutionConfigurationPlatforms) = preSolution
		Debug|Any CPU = Debug|Any CPU
		Release|Any CPU = Release|Any CPU
	EndGlobalSection
	GlobalSection(ProjectConfigurationPlatforms) = postSolution
		{4C34847D-5B74-421A-A29B-D15E5A0E093B}.Debug|Any CPU.ActiveCfg = Debug|Any CPU
		{4C34847D-5B74-421A-A29B-D15E5A0E093B}.Debug|Any CPU.Build.0 = Debug|Any CPU
		{4C34847D-5B74-421A-A29B-D15E5A0E093B}.Release|Any CPU.ActiveCfg = Release|Any CPU
		{4C34847D-5B74-421A-A29B-D15E5A0E093B}.Release|Any CPU.Build.0 = Release|Any CPU
	EndGlobalSection
	GlobalSection(SolutionProperties) = preSolution
		HideSolutionNode = FALSE
	EndGlobalSection
	GlobalSection(ExtensibilityGlobals) = postSolution
		SolutionGuid = {3EA68C40-B7F2-4649-84BF-BCA46F38F9E8}
	EndGlobalSection
EndGlobal
